github.com/gatling/gatling.io-doc-theme v0.0.0-20210428160944-a02b883afff4 h1:ONcIJQd8zBXS//P3LLBDH+KL1/5jb351jmbRyStcERE=
github.com/gatling/gatling.io-doc-theme v0.0.0-20210428160944-a02b883afff4/go.mod h1:BKNNVjRfcDHugiMjDmwQXeQQ8yuHg87xOlBrg1DCpYc=
github.com/gatling/gatling.io-doc-theme v0.0.0-20210429132221-c1d84aec612f h1:g+mIYBcXMzSsDtU2Z3qyqANsDEP5GUG5WfPDDy496xg=
github.com/gatling/gatling.io-doc-theme v0.0.0-20210429132221-c1d84aec612f/go.mod h1:BKNNVjRfcDHugiMjDmwQXeQQ8yuHg87xOlBrg1DCpYc=
